// !$*UTF8*$!
{
	archiveVersion = 1;
	classes = {
	};
	objectVersion = 55;
	objects = {

/* Begin PBXBuildFile section */
		0215438D2953663B001484C0 /* hikeData.json in Resources */ = {isa = PBXBuildFile; fileRef = 0215438C2953663B001484C0 /* hikeData.json */; };
		0215438F295366B0001484C0 /* Hike.swift in Sources */ = {isa = PBXBuildFile; fileRef = 0215438E295366B0001484C0 /* Hike.swift */; };
		021543922953672D001484C0 /* Protocols.swift in Sources */ = {isa = PBXBuildFile; fileRef = 021543912953672D001484C0 /* Protocols.swift */; };
		0215439829536B25001484C0 /* GraphCapsule.swift in Sources */ = {isa = PBXBuildFile; fileRef = 0215439429536B25001484C0 /* GraphCapsule.swift */; };
		0215439929536B25001484C0 /* HikeGraph.swift in Sources */ = {isa = PBXBuildFile; fileRef = 0215439529536B25001484C0 /* HikeGraph.swift */; };
		0215439A29536B25001484C0 /* HikeDetail.swift in Sources */ = {isa = PBXBuildFile; fileRef = 0215439629536B25001484C0 /* HikeDetail.swift */; };
		0215439B29536B25001484C0 /* HikeView.swift in Sources */ = {isa = PBXBuildFile; fileRef = 0215439729536B25001484C0 /* HikeView.swift */; };
		022AF2AA2987FC4100159927 /* ProfileEditor.swift in Sources */ = {isa = PBXBuildFile; fileRef = 022AF2A92987FC4100159927 /* ProfileEditor.swift */; };
		0243065428F848DF0035AF10 /* FavoriteButton.swift in Sources */ = {isa = PBXBuildFile; fileRef = 0243065328F848DF0035AF10 /* FavoriteButton.swift */; };
		0243065828F84DD60035AF10 /* Landmark.swift in Sources */ = {isa = PBXBuildFile; fileRef = 0243065728F84DD60035AF10 /* Landmark.swift */; };
		028CA70B28E58A9100900D65 /* LandmarksApp.swift in Sources */ = {isa = PBXBuildFile; fileRef = 028CA70A28E58A9100900D65 /* LandmarksApp.swift */; };
		028CA70D28E58A9100900D65 /* ContentView.swift in Sources */ = {isa = PBXBuildFile; fileRef = 028CA70C28E58A9100900D65 /* ContentView.swift */; };
		028CA70F28E58A9200900D65 /* Assets.xcassets in Resources */ = {isa = PBXBuildFile; fileRef = 028CA70E28E58A9200900D65 /* Assets.xcassets */; };
		028CA71228E58A9200900D65 /* Preview Assets.xcassets in Resources */ = {isa = PBXBuildFile; fileRef = 028CA71128E58A9200900D65 /* Preview Assets.xcassets */; };
		028CA71928E593A800900D65 /* CircleImage.swift in Sources */ = {isa = PBXBuildFile; fileRef = 028CA71828E593A800900D65 /* CircleImage.swift */; };
		028CA71B28E5966900900D65 /* MapView.swift in Sources */ = {isa = PBXBuildFile; fileRef = 028CA71A28E5966900900D65 /* MapView.swift */; };
		02AD118E28EDC7FC00354F78 /* LandmarkList.swift in Sources */ = {isa = PBXBuildFile; fileRef = 02AD118D28EDC7FC00354F78 /* LandmarkList.swift */; };
		02AD119028EDCC4E00354F78 /* LandmarkDetail.swift in Sources */ = {isa = PBXBuildFile; fileRef = 02AD118F28EDCC4E00354F78 /* LandmarkDetail.swift */; };
		02B1790F28FD8CB1006A6EC1 /* BadgeSymbol.swift in Sources */ = {isa = PBXBuildFile; fileRef = 02B1790E28FD8CB1006A6EC1 /* BadgeSymbol.swift */; };
		02B1C044299D29C600E66B7D /* PageView.swift in Sources */ = {isa = PBXBuildFile; fileRef = 02B1C043299D29C600E66B7D /* PageView.swift */; };
		02B56E6C28EB1477003CC166 /* landmarkData.json in Resources */ = {isa = PBXBuildFile; fileRef = 02B56E6B28EB1477003CC166 /* landmarkData.json */; };
		02B56E7228EB1C1F003CC166 /* ModelData.swift in Sources */ = {isa = PBXBuildFile; fileRef = 02B56E7128EB1C1F003CC166 /* ModelData.swift */; };
		02B56E7628EB1FA0003CC166 /* LandmarkRow.swift in Sources */ = {isa = PBXBuildFile; fileRef = 02B56E7528EB1FA0003CC166 /* LandmarkRow.swift */; };
		02C848F9297EC8900015B4E5 /* CategoryHome.swift in Sources */ = {isa = PBXBuildFile; fileRef = 02C848F8297EC8900015B4E5 /* CategoryHome.swift */; };
		02C848FC297FE1440015B4E5 /* CategoryRow.swift in Sources */ = {isa = PBXBuildFile; fileRef = 02C848FB297FE1440015B4E5 /* CategoryRow.swift */; };
		02C848FE297FE92D0015B4E5 /* CategoryItem.swift in Sources */ = {isa = PBXBuildFile; fileRef = 02C848FD297FE92D0015B4E5 /* CategoryItem.swift */; };
		02C84900298010380015B4E5 /* Profile.swift in Sources */ = {isa = PBXBuildFile; fileRef = 02C848FF298010380015B4E5 /* Profile.swift */; };
		02C849032980151F0015B4E5 /* ProfileHost.swift in Sources */ = {isa = PBXBuildFile; fileRef = 02C849022980151F0015B4E5 /* ProfileHost.swift */; };
		02C84905298015CC0015B4E5 /* ProfileSummary.swift in Sources */ = {isa = PBXBuildFile; fileRef = 02C84904298015CC0015B4E5 /* ProfileSummary.swift */; };
		02C8490729801F2A0015B4E5 /* HikeBadge.swift in Sources */ = {isa = PBXBuildFile; fileRef = 02C8490629801F2A0015B4E5 /* HikeBadge.swift */; };
		02CDF902299E6BBC008C4811 /* PageControl.swift in Sources */ = {isa = PBXBuildFile; fileRef = 02CDF901299E6BBC008C4811 /* PageControl.swift */; };
		02D1D96E29953FCF009D2D36 /* PageViewController.swift in Sources */ = {isa = PBXBuildFile; fileRef = 02D1D96D29953FCF009D2D36 /* PageViewController.swift */; };
		02D1D97029954B31009D2D36 /* FavoriteCard.swift in Sources */ = {isa = PBXBuildFile; fileRef = 02D1D96F29954B31009D2D36 /* FavoriteCard.swift */; };
		02D8E7A628FD8FDE006ACD69 /* RotatedBadgeSymbol.swift in Sources */ = {isa = PBXBuildFile; fileRef = 02D8E7A528FD8FDE006ACD69 /* RotatedBadgeSymbol.swift */; };
		02D8E7A828FD90D4006ACD69 /* Badge.swift in Sources */ = {isa = PBXBuildFile; fileRef = 02D8E7A728FD90D4006ACD69 /* Badge.swift */; };
		02D9079D28F9981B00C61AAD /* HexagonParameters.swift in Sources */ = {isa = PBXBuildFile; fileRef = 02D9079C28F9981B00C61AAD /* HexagonParameters.swift */; };
		02D9079F28F99CC200C61AAD /* BadgeBackground.swift in Sources */ = {isa = PBXBuildFile; fileRef = 02D9079E28F99CC200C61AAD /* BadgeBackground.swift */; };
/* End PBXBuildFile section */

/* Begin PBXFileReference section */
		0215438C2953663B001484C0 /* hikeData.json */ = {isa = PBXFileReference; fileEncoding = 4; lastKnownFileType = text.json; path = hikeData.json; sourceTree = "<group>"; };
		0215438E295366B0001484C0 /* Hike.swift */ = {isa = PBXFileReference; lastKnownFileType = sourcecode.swift; path = Hike.swift; sourceTree = "<group>"; };
		021543912953672D001484C0 /* Protocols.swift */ = {isa = PBXFileReference; lastKnownFileType = sourcecode.swift; path = Protocols.swift; sourceTree = "<group>"; };
		0215439429536B25001484C0 /* GraphCapsule.swift */ = {isa = PBXFileReference; fileEncoding = 4; lastKnownFileType = sourcecode.swift; path = GraphCapsule.swift; sourceTree = "<group>"; };
		0215439529536B25001484C0 /* HikeGraph.swift */ = {isa = PBXFileReference; fileEncoding = 4; lastKnownFileType = sourcecode.swift; path = HikeGraph.swift; sourceTree = "<group>"; };
		0215439629536B25001484C0 /* HikeDetail.swift */ = {isa = PBXFileReference; fileEncoding = 4; lastKnownFileType = sourcecode.swift; path = HikeDetail.swift; sourceTree = "<group>"; };
		0215439729536B25001484C0 /* HikeView.swift */ = {isa = PBXFileReference; fileEncoding = 4; lastKnownFileType = sourcecode.swift; path = HikeView.swift; sourceTree = "<group>"; };
		022AF2A92987FC4100159927 /* ProfileEditor.swift */ = {isa = PBXFileReference; lastKnownFileType = sourcecode.swift; path = ProfileEditor.swift; sourceTree = "<group>"; };
		0243065328F848DF0035AF10 /* FavoriteButton.swift */ = {isa = PBXFileReference; lastKnownFileType = sourcecode.swift; path = FavoriteButton.swift; sourceTree = "<group>"; };
		0243065728F84DD60035AF10 /* Landmark.swift */ = {isa = PBXFileReference; lastKnownFileType = sourcecode.swift; path = Landmark.swift; sourceTree = "<group>"; };
		028CA70728E58A9100900D65 /* Landmarks.app */ = {isa = PBXFileReference; explicitFileType = wrapper.application; includeInIndex = 0; path = Landmarks.app; sourceTree = BUILT_PRODUCTS_DIR; };
		028CA70A28E58A9100900D65 /* LandmarksApp.swift */ = {isa = PBXFileReference; lastKnownFileType = sourcecode.swift; path = LandmarksApp.swift; sourceTree = "<group>"; };
		028CA70C28E58A9100900D65 /* ContentView.swift */ = {isa = PBXFileReference; lastKnownFileType = sourcecode.swift; path = ContentView.swift; sourceTree = "<group>"; };
		028CA70E28E58A9200900D65 /* Assets.xcassets */ = {isa = PBXFileReference; lastKnownFileType = folder.assetcatalog; path = Assets.xcassets; sourceTree = "<group>"; };
		028CA71128E58A9200900D65 /* Preview Assets.xcassets */ = {isa = PBXFileReference; lastKnownFileType = folder.assetcatalog; path = "Preview Assets.xcassets"; sourceTree = "<group>"; };
		028CA71828E593A800900D65 /* CircleImage.swift */ = {isa = PBXFileReference; lastKnownFileType = sourcecode.swift; path = CircleImage.swift; sourceTree = "<group>"; };
		028CA71A28E5966900900D65 /* MapView.swift */ = {isa = PBXFileReference; lastKnownFileType = sourcecode.swift; path = MapView.swift; sourceTree = "<group>"; };
		02AD118D28EDC7FC00354F78 /* LandmarkList.swift */ = {isa = PBXFileReference; lastKnownFileType = sourcecode.swift; path = LandmarkList.swift; sourceTree = "<group>"; };
		02AD118F28EDCC4E00354F78 /* LandmarkDetail.swift */ = {isa = PBXFileReference; lastKnownFileType = sourcecode.swift; path = LandmarkDetail.swift; sourceTree = "<group>"; };
		02B1790E28FD8CB1006A6EC1 /* BadgeSymbol.swift */ = {isa = PBXFileReference; lastKnownFileType = sourcecode.swift; path = BadgeSymbol.swift; sourceTree = "<group>"; };
		02B1C043299D29C600E66B7D /* PageView.swift */ = {isa = PBXFileReference; lastKnownFileType = sourcecode.swift; path = PageView.swift; sourceTree = "<group>"; };
		02B56E6B28EB1477003CC166 /* landmarkData.json */ = {isa = PBXFileReference; fileEncoding = 4; lastKnownFileType = text.json; path = landmarkData.json; sourceTree = "<group>"; };
		02B56E7128EB1C1F003CC166 /* ModelData.swift */ = {isa = PBXFileReference; lastKnownFileType = sourcecode.swift; path = ModelData.swift; sourceTree = "<group>"; };
		02B56E7528EB1FA0003CC166 /* LandmarkRow.swift */ = {isa = PBXFileReference; lastKnownFileType = sourcecode.swift; path = LandmarkRow.swift; sourceTree = "<group>"; };
		02C848F8297EC8900015B4E5 /* CategoryHome.swift */ = {isa = PBXFileReference; lastKnownFileType = sourcecode.swift; path = CategoryHome.swift; sourceTree = "<group>"; };
		02C848FB297FE1440015B4E5 /* CategoryRow.swift */ = {isa = PBXFileReference; lastKnownFileType = sourcecode.swift; path = CategoryRow.swift; sourceTree = "<group>"; };
		02C848FD297FE92D0015B4E5 /* CategoryItem.swift */ = {isa = PBXFileReference; lastKnownFileType = sourcecode.swift; path = CategoryItem.swift; sourceTree = "<group>"; };
		02C848FF298010380015B4E5 /* Profile.swift */ = {isa = PBXFileReference; lastKnownFileType = sourcecode.swift; path = Profile.swift; sourceTree = "<group>"; };
		02C849022980151F0015B4E5 /* ProfileHost.swift */ = {isa = PBXFileReference; lastKnownFileType = sourcecode.swift; path = ProfileHost.swift; sourceTree = "<group>"; };
		02C84904298015CC0015B4E5 /* ProfileSummary.swift */ = {isa = PBXFileReference; lastKnownFileType = sourcecode.swift; path = ProfileSummary.swift; sourceTree = "<group>"; };
		02C8490629801F2A0015B4E5 /* HikeBadge.swift */ = {isa = PBXFileReference; lastKnownFileType = sourcecode.swift; path = HikeBadge.swift; sourceTree = "<group>"; };
		02CDF901299E6BBC008C4811 /* PageControl.swift */ = {isa = PBXFileReference; lastKnownFileType = sourcecode.swift; path = PageControl.swift; sourceTree = "<group>"; };
		02D1D96D29953FCF009D2D36 /* PageViewController.swift */ = {isa = PBXFileReference; lastKnownFileType = sourcecode.swift; path = PageViewController.swift; sourceTree = "<group>"; };
		02D1D96F29954B31009D2D36 /* FavoriteCard.swift */ = {isa = PBXFileReference; lastKnownFileType = sourcecode.swift; path = FavoriteCard.swift; sourceTree = "<group>"; };
		02D8E7A528FD8FDE006ACD69 /* RotatedBadgeSymbol.swift */ = {isa = PBXFileReference; lastKnownFileType = sourcecode.swift; path = RotatedBadgeSymbol.swift; sourceTree = "<group>"; };
		02D8E7A728FD90D4006ACD69 /* Badge.swift */ = {isa = PBXFileReference; lastKnownFileType = sourcecode.swift; path = Badge.swift; sourceTree = "<group>"; };
		02D9079C28F9981B00C61AAD /* HexagonParameters.swift */ = {isa = PBXFileReference; lastKnownFileType = sourcecode.swift; name = HexagonParameters.swift; path = Landmarks/Views/Badges/HexagonParameters.swift; sourceTree = SOURCE_ROOT; };
		02D9079E28F99CC200C61AAD /* BadgeBackground.swift */ = {isa = PBXFileReference; lastKnownFileType = sourcecode.swift; path = BadgeBackground.swift; sourceTree = "<group>"; };
/* End PBXFileReference section */

/* Begin PBXFrameworksBuildPhase section */
		028CA70428E58A9100900D65 /* Frameworks */ = {
			isa = PBXFrameworksBuildPhase;
			buildActionMask = 2147483647;
			files = (
			);
			runOnlyForDeploymentPostprocessing = 0;
		};
/* End PBXFrameworksBuildPhase section */

/* Begin PBXGroup section */
		021543902953671C001484C0 /* Utils */ = {
			isa = PBXGroup;
			children = (
				021543912953672D001484C0 /* Protocols.swift */,
			);
			path = Utils;
			sourceTree = "<group>";
		};
		0215439329536B25001484C0 /* Hikes */ = {
			isa = PBXGroup;
			children = (
				0215439429536B25001484C0 /* GraphCapsule.swift */,
				0215439529536B25001484C0 /* HikeGraph.swift */,
				0215439629536B25001484C0 /* HikeDetail.swift */,
				0215439729536B25001484C0 /* HikeView.swift */,
				02C8490629801F2A0015B4E5 /* HikeBadge.swift */,
			);
			path = Hikes;
			sourceTree = "<group>";
		};
		0243065528F84C790035AF10 /* Home */ = {
			isa = PBXGroup;
			children = (
				02AD118D28EDC7FC00354F78 /* LandmarkList.swift */,
				02B56E7528EB1FA0003CC166 /* LandmarkRow.swift */,
			);
			path = Home;
			sourceTree = "<group>";
		};
		0243065628F84C810035AF10 /* Details */ = {
			isa = PBXGroup;
			children = (
				0243065328F848DF0035AF10 /* FavoriteButton.swift */,
				02AD118F28EDCC4E00354F78 /* LandmarkDetail.swift */,
				028CA71828E593A800900D65 /* CircleImage.swift */,
				028CA71A28E5966900900D65 /* MapView.swift */,
			);
			path = Details;
			sourceTree = "<group>";
		};
		028CA6FE28E58A9100900D65 = {
			isa = PBXGroup;
			children = (
				028CA70928E58A9100900D65 /* Landmarks */,
				028CA70828E58A9100900D65 /* Products */,
			);
			sourceTree = "<group>";
		};
		028CA70828E58A9100900D65 /* Products */ = {
			isa = PBXGroup;
			children = (
				028CA70728E58A9100900D65 /* Landmarks.app */,
			);
			name = Products;
			sourceTree = "<group>";
		};
		028CA70928E58A9100900D65 /* Landmarks */ = {
			isa = PBXGroup;
			children = (
				021543902953671C001484C0 /* Utils */,
				02B56E7428EB1E28003CC166 /* Views */,
				02B56E7328EB1CD9003CC166 /* Services */,
				02B56E6E28EB15B3003CC166 /* Models */,
				028CA70A28E58A9100900D65 /* LandmarksApp.swift */,
				028CA70E28E58A9200900D65 /* Assets.xcassets */,
				02B56E6D28EB1493003CC166 /* Resources */,
				028CA71028E58A9200900D65 /* Preview Content */,
			);
			path = Landmarks;
			sourceTree = "<group>";
		};
		028CA71028E58A9200900D65 /* Preview Content */ = {
			isa = PBXGroup;
			children = (
				028CA71128E58A9200900D65 /* Preview Assets.xcassets */,
			);
			path = "Preview Content";
			sourceTree = "<group>";
		};
		02B56E6D28EB1493003CC166 /* Resources */ = {
			isa = PBXGroup;
			children = (
				0215438C2953663B001484C0 /* hikeData.json */,
				02B56E6B28EB1477003CC166 /* landmarkData.json */,
			);
			path = Resources;
			sourceTree = "<group>";
		};
		02B56E6E28EB15B3003CC166 /* Models */ = {
			isa = PBXGroup;
			children = (
				0243065728F84DD60035AF10 /* Landmark.swift */,
				0215438E295366B0001484C0 /* Hike.swift */,
				02C848FF298010380015B4E5 /* Profile.swift */,
			);
			path = Models;
			sourceTree = "<group>";
		};
		02B56E7328EB1CD9003CC166 /* Services */ = {
			isa = PBXGroup;
			children = (
				02B56E7128EB1C1F003CC166 /* ModelData.swift */,
			);
			path = Services;
			sourceTree = "<group>";
		};
		02B56E7428EB1E28003CC166 /* Views */ = {
			isa = PBXGroup;
			children = (
				02D1D96C29953DE8009D2D36 /* PageView */,
				02C849012980150F0015B4E5 /* Profile */,
				02C848F7297EC8510015B4E5 /* Categories */,
				0215439329536B25001484C0 /* Hikes */,
				02D9079B28F997BF00C61AAD /* Badges */,
				0243065628F84C810035AF10 /* Details */,
				0243065528F84C790035AF10 /* Home */,
				028CA70C28E58A9100900D65 /* ContentView.swift */,
			);
			path = Views;
			sourceTree = "<group>";
		};
		02C848F7297EC8510015B4E5 /* Categories */ = {
			isa = PBXGroup;
			children = (
				02C848F8297EC8900015B4E5 /* CategoryHome.swift */,
				02C848FB297FE1440015B4E5 /* CategoryRow.swift */,
				02C848FD297FE92D0015B4E5 /* CategoryItem.swift */,
				02D1D96F29954B31009D2D36 /* FavoriteCard.swift */,
			);
			path = Categories;
			sourceTree = "<group>";
		};
		02C849012980150F0015B4E5 /* Profile */ = {
			isa = PBXGroup;
			children = (
				02C849022980151F0015B4E5 /* ProfileHost.swift */,
				02C84904298015CC0015B4E5 /* ProfileSummary.swift */,
				022AF2A92987FC4100159927 /* ProfileEditor.swift */,
			);
			path = Profile;
			sourceTree = "<group>";
		};
		02D1D96C29953DE8009D2D36 /* PageView */ = {
			isa = PBXGroup;
			children = (
				02D1D96D29953FCF009D2D36 /* PageViewController.swift */,
				02B1C043299D29C600E66B7D /* PageView.swift */,
				02CDF901299E6BBC008C4811 /* PageControl.swift */,
			);
			path = PageView;
			sourceTree = "<group>";
		};
		02D9079B28F997BF00C61AAD /* Badges */ = {
			isa = PBXGroup;
			children = (
				02D9079C28F9981B00C61AAD /* HexagonParameters.swift */,
				02D9079E28F99CC200C61AAD /* BadgeBackground.swift */,
				02B1790E28FD8CB1006A6EC1 /* BadgeSymbol.swift */,
				02D8E7A528FD8FDE006ACD69 /* RotatedBadgeSymbol.swift */,
				02D8E7A728FD90D4006ACD69 /* Badge.swift */,
			);
			path = Badges;
			sourceTree = "<group>";
		};
/* End PBXGroup section */

/* Begin PBXNativeTarget section */
		028CA70628E58A9100900D65 /* Landmarks */ = {
			isa = PBXNativeTarget;
			buildConfigurationList = 028CA71528E58A9200900D65 /* Build configuration list for PBXNativeTarget "Landmarks" */;
			buildPhases = (
				028CA70328E58A9100900D65 /* Sources */,
				028CA70428E58A9100900D65 /* Frameworks */,
				028CA70528E58A9100900D65 /* Resources */,
			);
			buildRules = (
			);
			dependencies = (
			);
			name = Landmarks;
			productName = Landmarks;
			productReference = 028CA70728E58A9100900D65 /* Landmarks.app */;
			productType = "com.apple.product-type.application";
		};
/* End PBXNativeTarget section */

/* Begin PBXProject section */
		028CA6FF28E58A9100900D65 /* Project object */ = {
			isa = PBXProject;
			attributes = {
				BuildIndependentTargetsInParallel = 1;
				LastSwiftUpdateCheck = 1420;
				LastUpgradeCheck = 1340;
				TargetAttributes = {
					028CA70628E58A9100900D65 = {
						CreatedOnToolsVersion = 13.4.1;
					};
				};
			};
			buildConfigurationList = 028CA70228E58A9100900D65 /* Build configuration list for PBXProject "Landmarks" */;
			compatibilityVersion = "Xcode 13.0";
			developmentRegion = en;
			hasScannedForEncodings = 0;
			knownRegions = (
				en,
				Base,
			);
			mainGroup = 028CA6FE28E58A9100900D65;
			productRefGroup = 028CA70828E58A9100900D65 /* Products */;
			projectDirPath = "";
			projectRoot = "";
			targets = (
				028CA70628E58A9100900D65 /* Landmarks */,
			);
		};
/* End PBXProject section */

/* Begin PBXResourcesBuildPhase section */
		028CA70528E58A9100900D65 /* Resources */ = {
			isa = PBXResourcesBuildPhase;
			buildActionMask = 2147483647;
			files = (
				0215438D2953663B001484C0 /* hikeData.json in Resources */,
				028CA71228E58A9200900D65 /* Preview Assets.xcassets in Resources */,
				028CA70F28E58A9200900D65 /* Assets.xcassets in Resources */,
				02B56E6C28EB1477003CC166 /* landmarkData.json in Resources */,
			);
			runOnlyForDeploymentPostprocessing = 0;
		};
/* End PBXResourcesBuildPhase section */

/* Begin PBXSourcesBuildPhase section */
		028CA70328E58A9100900D65 /* Sources */ = {
			isa = PBXSourcesBuildPhase;
			buildActionMask = 2147483647;
			files = (
				028CA70D28E58A9100900D65 /* ContentView.swift in Sources */,
				02B1C044299D29C600E66B7D /* PageView.swift in Sources */,
				02D8E7A828FD90D4006ACD69 /* Badge.swift in Sources */,
				02AD119028EDCC4E00354F78 /* LandmarkDetail.swift in Sources */,
				028CA70B28E58A9100900D65 /* LandmarksApp.swift in Sources */,
				02D1D97029954B31009D2D36 /* FavoriteCard.swift in Sources */,
				02C848F9297EC8900015B4E5 /* CategoryHome.swift in Sources */,
				02C849032980151F0015B4E5 /* ProfileHost.swift in Sources */,
				02CDF902299E6BBC008C4811 /* PageControl.swift in Sources */,
				0215439929536B25001484C0 /* HikeGraph.swift in Sources */,
				02C848FC297FE1440015B4E5 /* CategoryRow.swift in Sources */,
				0243065428F848DF0035AF10 /* FavoriteButton.swift in Sources */,
				02D9079D28F9981B00C61AAD /* HexagonParameters.swift in Sources */,
				0215438F295366B0001484C0 /* Hike.swift in Sources */,
				02C84905298015CC0015B4E5 /* ProfileSummary.swift in Sources */,
				02C848FE297FE92D0015B4E5 /* CategoryItem.swift in Sources */,
				022AF2AA2987FC4100159927 /* ProfileEditor.swift in Sources */,
				02D8E7A628FD8FDE006ACD69 /* RotatedBadgeSymbol.swift in Sources */,
				02B1790F28FD8CB1006A6EC1 /* BadgeSymbol.swift in Sources */,
				02AD118E28EDC7FC00354F78 /* LandmarkList.swift in Sources */,
				028CA71B28E5966900900D65 /* MapView.swift in Sources */,
				02D9079F28F99CC200C61AAD /* BadgeBackground.swift in Sources */,
				02C8490729801F2A0015B4E5 /* HikeBadge.swift in Sources */,
				02C84900298010380015B4E5 /* Profile.swift in Sources */,
				02D1D96E29953FCF009D2D36 /* PageViewController.swift in Sources */,
				028CA71928E593A800900D65 /* CircleImage.swift in Sources */,
				02B56E7628EB1FA0003CC166 /* LandmarkRow.swift in Sources */,
				0215439829536B25001484C0 /* GraphCapsule.swift in Sources */,
				0215439B29536B25001484C0 /* HikeView.swift in Sources */,
				02B56E7228EB1C1F003CC166 /* ModelData.swift in Sources */,
				021543922953672D001484C0 /* Protocols.swift in Sources */,
				0243065828F84DD60035AF10 /* Landmark.swift in Sources */,
				0215439A29536B25001484C0 /* HikeDetail.swift in Sources */,
			);
			runOnlyForDeploymentPostprocessing = 0;
		};
/* End PBXSourcesBuildPhase section */

/* Begin XCBuildConfiguration section */
		028CA71328E58A9200900D65 /* Debug */ = {
			isa = XCBuildConfiguration;
			buildSettings = {
				ALWAYS_SEARCH_USER_PATHS = NO;
				CLANG_ANALYZER_NONNULL = YES;
				CLANG_ANALYZER_NUMBER_OBJECT_CONVERSION = YES_AGGRESSIVE;
				CLANG_CXX_LANGUAGE_STANDARD = "gnu++17";
				CLANG_ENABLE_MODULES = YES;
				CLANG_ENABLE_OBJC_ARC = YES;
				CLANG_ENABLE_OBJC_WEAK = YES;
				CLANG_WARN_BLOCK_CAPTURE_AUTORELEASING = YES;
				CLANG_WARN_BOOL_CONVERSION = YES;
				CLANG_WARN_COMMA = YES;
				CLANG_WARN_CONSTANT_CONVERSION = YES;
				CLANG_WARN_DEPRECATED_OBJC_IMPLEMENTATIONS = YES;
				CLANG_WARN_DIRECT_OBJC_ISA_USAGE = YES_ERROR;
				CLANG_WARN_DOCUMENTATION_COMMENTS = YES;
				CLANG_WARN_EMPTY_BODY = YES;
				CLANG_WARN_ENUM_CONVERSION = YES;
				CLANG_WARN_INFINITE_RECURSION = YES;
				CLANG_WARN_INT_CONVERSION = YES;
				CLANG_WARN_NON_LITERAL_NULL_CONVERSION = YES;
				CLANG_WARN_OBJC_IMPLICIT_RETAIN_SELF = YES;
				CLANG_WARN_OBJC_LITERAL_CONVERSION = YES;
				CLANG_WARN_OBJC_ROOT_CLASS = YES_ERROR;
				CLANG_WARN_QUOTED_INCLUDE_IN_FRAMEWORK_HEADER = YES;
				CLANG_WARN_RANGE_LOOP_ANALYSIS = YES;
				CLANG_WARN_STRICT_PROTOTYPES = YES;
				CLANG_WARN_SUSPICIOUS_MOVE = YES;
				CLANG_WARN_UNGUARDED_AVAILABILITY = YES_AGGRESSIVE;
				CLANG_WARN_UNREACHABLE_CODE = YES;
				CLANG_WARN__DUPLICATE_METHOD_MATCH = YES;
				COPY_PHASE_STRIP = NO;
				DEBUG_INFORMATION_FORMAT = dwarf;
				ENABLE_STRICT_OBJC_MSGSEND = YES;
				ENABLE_TESTABILITY = YES;
				GCC_C_LANGUAGE_STANDARD = gnu11;
				GCC_DYNAMIC_NO_PIC = NO;
				GCC_NO_COMMON_BLOCKS = YES;
				GCC_OPTIMIZATION_LEVEL = 0;
				GCC_PREPROCESSOR_DEFINITIONS = (
					"DEBUG=1",
					"$(inherited)",
				);
				GCC_WARN_64_TO_32_BIT_CONVERSION = YES;
				GCC_WARN_ABOUT_RETURN_TYPE = YES_ERROR;
				GCC_WARN_UNDECLARED_SELECTOR = YES;
				GCC_WARN_UNINITIALIZED_AUTOS = YES_AGGRESSIVE;
				GCC_WARN_UNUSED_FUNCTION = YES;
				GCC_WARN_UNUSED_VARIABLE = YES;
				IPHONEOS_DEPLOYMENT_TARGET = 15.5;
				MTL_ENABLE_DEBUG_INFO = INCLUDE_SOURCE;
				MTL_FAST_MATH = YES;
				ONLY_ACTIVE_ARCH = YES;
				SDKROOT = iphoneos;
				SWIFT_ACTIVE_COMPILATION_CONDITIONS = DEBUG;
				SWIFT_OPTIMIZATION_LEVEL = "-Onone";
			};
			name = Debug;
		};
		028CA71428E58A9200900D65 /* Release */ = {
			isa = XCBuildConfiguration;
			buildSettings = {
				ALWAYS_SEARCH_USER_PATHS = NO;
				CLANG_ANALYZER_NONNULL = YES;
				CLANG_ANALYZER_NUMBER_OBJECT_CONVERSION = YES_AGGRESSIVE;
				CLANG_CXX_LANGUAGE_STANDARD = "gnu++17";
				CLANG_ENABLE_MODULES = YES;
				CLANG_ENABLE_OBJC_ARC = YES;
				CLANG_ENABLE_OBJC_WEAK = YES;
				CLANG_WARN_BLOCK_CAPTURE_AUTORELEASING = YES;
				CLANG_WARN_BOOL_CONVERSION = YES;
				CLANG_WARN_COMMA = YES;
				CLANG_WARN_CONSTANT_CONVERSION = YES;
				CLANG_WARN_DEPRECATED_OBJC_IMPLEMENTATIONS = YES;
				CLANG_WARN_DIRECT_OBJC_ISA_USAGE = YES_ERROR;
				CLANG_WARN_DOCUMENTATION_COMMENTS = YES;
				CLANG_WARN_EMPTY_BODY = YES;
				CLANG_WARN_ENUM_CONVERSION = YES;
				CLANG_WARN_INFINITE_RECURSION = YES;
				CLANG_WARN_INT_CONVERSION = YES;
				CLANG_WARN_NON_LITERAL_NULL_CONVERSION = YES;
				CLANG_WARN_OBJC_IMPLICIT_RETAIN_SELF = YES;
				CLANG_WARN_OBJC_LITERAL_CONVERSION = YES;
				CLANG_WARN_OBJC_ROOT_CLASS = YES_ERROR;
				CLANG_WARN_QUOTED_INCLUDE_IN_FRAMEWORK_HEADER = YES;
				CLANG_WARN_RANGE_LOOP_ANALYSIS = YES;
				CLANG_WARN_STRICT_PROTOTYPES = YES;
				CLANG_WARN_SUSPICIOUS_MOVE = YES;
				CLANG_WARN_UNGUARDED_AVAILABILITY = YES_AGGRESSIVE;
				CLANG_WARN_UNREACHABLE_CODE = YES;
				CLANG_WARN__DUPLICATE_METHOD_MATCH = YES;
				COPY_PHASE_STRIP = NO;
				DEBUG_INFORMATION_FORMAT = "dwarf-with-dsym";
				ENABLE_NS_ASSERTIONS = NO;
				ENABLE_STRICT_OBJC_MSGSEND = YES;
				GCC_C_LANGUAGE_STANDARD = gnu11;
				GCC_NO_COMMON_BLOCKS = YES;
				GCC_WARN_64_TO_32_BIT_CONVERSION = YES;
				GCC_WARN_ABOUT_RETURN_TYPE = YES_ERROR;
				GCC_WARN_UNDECLARED_SELECTOR = YES;
				GCC_WARN_UNINITIALIZED_AUTOS = YES_AGGRESSIVE;
				GCC_WARN_UNUSED_FUNCTION = YES;
				GCC_WARN_UNUSED_VARIABLE = YES;
				IPHONEOS_DEPLOYMENT_TARGET = 15.5;
				MTL_ENABLE_DEBUG_INFO = NO;
				MTL_FAST_MATH = YES;
				SDKROOT = iphoneos;
				SWIFT_COMPILATION_MODE = wholemodule;
				SWIFT_OPTIMIZATION_LEVEL = "-O";
				VALIDATE_PRODUCT = YES;
			};
			name = Release;
		};
		028CA71628E58A9200900D65 /* Debug */ = {
			isa = XCBuildConfiguration;
			buildSettings = {
				ASSETCATALOG_COMPILER_APPICON_NAME = AppIcon;
				ASSETCATALOG_COMPILER_GLOBAL_ACCENT_COLOR_NAME = AccentColor;
				CODE_SIGN_STYLE = Automatic;
				CURRENT_PROJECT_VERSION = 1;
				DEVELOPMENT_ASSET_PATHS = "\"Landmarks/Preview Content\"";
				DEVELOPMENT_TEAM = M6TAN2VDBC;
				ENABLE_PREVIEWS = YES;
				GENERATE_INFOPLIST_FILE = YES;
				INFOPLIST_KEY_LSApplicationCategoryType = "public.app-category.travel";
				INFOPLIST_KEY_UIApplicationSceneManifest_Generation = YES;
				INFOPLIST_KEY_UIApplicationSupportsIndirectInputEvents = YES;
				INFOPLIST_KEY_UILaunchScreen_Generation = YES;
				INFOPLIST_KEY_UISupportedInterfaceOrientations_iPad = "UIInterfaceOrientationPortrait UIInterfaceOrientationPortraitUpsideDown UIInterfaceOrientationLandscapeLeft UIInterfaceOrientationLandscapeRight";
				INFOPLIST_KEY_UISupportedInterfaceOrientations_iPhone = "UIInterfaceOrientationPortrait UIInterfaceOrientationLandscapeLeft UIInterfaceOrientationLandscapeRight";
				LD_RUNPATH_SEARCH_PATHS = (
					"$(inherited)",
					"@executable_path/Frameworks",
				);
				MARKETING_VERSION = 1.0;
				PRODUCT_BUNDLE_IDENTIFIER = io.rymcode.Landmarks;
				PRODUCT_NAME = "$(TARGET_NAME)";
				SWIFT_EMIT_LOC_STRINGS = YES;
				SWIFT_VERSION = 5.0;
				TARGETED_DEVICE_FAMILY = "1,2";
			};
			name = Debug;
		};
		028CA71728E58A9200900D65 /* Release */ = {
			isa = XCBuildConfiguration;
			buildSettings = {
				ASSETCATALOG_COMPILER_APPICON_NAME = AppIcon;
				ASSETCATALOG_COMPILER_GLOBAL_ACCENT_COLOR_NAME = AccentColor;
				CODE_SIGN_STYLE = Automatic;
				CURRENT_PROJECT_VERSION = 1;
				DEVELOPMENT_ASSET_PATHS = "\"Landmarks/Preview Content\"";
				DEVELOPMENT_TEAM = M6TAN2VDBC;
				ENABLE_PREVIEWS = YES;
				GENERATE_INFOPLIST_FILE = YES;
				INFOPLIST_KEY_LSApplicationCategoryType = "public.app-category.travel";
				INFOPLIST_KEY_UIApplicationSceneManifest_Generation = YES;
				INFOPLIST_KEY_UIApplicationSupportsIndirectInputEvents = YES;
				INFOPLIST_KEY_UILaunchScreen_Generation = YES;
				INFOPLIST_KEY_UISupportedInterfaceOrientations_iPad = "UIInterfaceOrientationPortrait UIInterfaceOrientationPortraitUpsideDown UIInterfaceOrientationLandscapeLeft UIInterfaceOrientationLandscapeRight";
				INFOPLIST_KEY_UISupportedInterfaceOrientations_iPhone = "UIInterfaceOrientationPortrait UIInterfaceOrientationLandscapeLeft UIInterfaceOrientationLandscapeRight";
				LD_RUNPATH_SEARCH_PATHS = (
					"$(inherited)",
					"@executable_path/Frameworks",
				);
				MARKETING_VERSION = 1.0;
				PRODUCT_BUNDLE_IDENTIFIER = io.rymcode.Landmarks;
				PRODUCT_NAME = "$(TARGET_NAME)";
				SWIFT_EMIT_LOC_STRINGS = YES;
				SWIFT_VERSION = 5.0;
				TARGETED_DEVICE_FAMILY = "1,2";
			};
			name = Release;
		};
/* End XCBuildConfiguration section */

/* Begin XCConfigurationList section */
		028CA70228E58A9100900D65 /* Build configuration list for PBXProject "Landmarks" */ = {
			isa = XCConfigurationList;
			buildConfigurations = (
				028CA71328E58A9200900D65 /* Debug */,
				028CA71428E58A9200900D65 /* Release */,
			);
			defaultConfigurationIsVisible = 0;
			defaultConfigurationName = Release;
		};
		028CA71528E58A9200900D65 /* Build configuration list for PBXNativeTarget "Landmarks" */ = {
			isa = XCConfigurationList;
			buildConfigurations = (
				028CA71628E58A9200900D65 /* Debug */,
				028CA71728E58A9200900D65 /* Release */,
			);
			defaultConfigurationIsVisible = 0;
			defaultConfigurationName = Release;
		};
/* End XCConfigurationList section */
	};
	rootObject = 028CA6FF28E58A9100900D65 /* Project object */;
}
